
Microsoft Visual Studio Solution File, Format Version 12.00
# Visual Studio Version 17
Project("{8BC9CEB8-8B4A-11D0-8D11-00A0C91BC942}") = "ALL_BUILD", "ALL_BUILD.vcxproj", "{A66A341D-3285-3CF8-AF58-6A9CC13688F8}"
	ProjectSection(ProjectDependencies) = postProject
		{DE88B2D7-116D-379D-9D5F-973B495654F3} = {DE88B2D7-116D-379D-9D5F-973B495654F3}
		{3D2FBF3B-C6FF-3A28-BDA3-6D5D2D022C69} = {3D2FBF3B-C6FF-3A28-BDA3-6D5D2D022C69}
		{8C40AB51-7C78-3896-B190-7901DD419294} = {8C40AB51-7C78-3896-B190-7901DD419294}
		{440638B4-6A72-3177-A003-33AA0F40332F} = {440638B4-6A72-3177-A003-33AA0F40332F}
		{13360C49-77BE-318F-9788-1797F3D27CEB} = {13360C49-77BE-318F-9788-1797F3D27CEB}
		{1B2814AC-AB7D-35BE-ACED-12AD73304F65} = {1B2814AC-AB7D-35BE-ACED-12AD73304F65}
	EndProjectSection
EndProject
Project("{8BC9CEB8-8B4A-11D0-8D11-00A0C91BC942}") = "Continuous", "Continuous.vcxproj", "{4F0F266F-78D9-3B6E-ABBE-838E8FD81B70}"
	ProjectSection(ProjectDependencies) = postProject
		{DE88B2D7-116D-379D-9D5F-973B495654F3} = {DE88B2D7-116D-379D-9D5F-973B495654F3}
	EndProjectSection
EndProject
Project("{8BC9CEB8-8B4A-11D0-8D11-00A0C91BC942}") = "Experimental", "Experimental.vcxproj", "{9047C967-717E-366C-A469-7C94F047AC5B}"
	ProjectSection(ProjectDependencies) = postProject
		{DE88B2D7-116D-379D-9D5F-973B495654F3} = {DE88B2D7-116D-379D-9D5F-973B495654F3}
	EndProjectSection
EndProject
Project("{8BC9CEB8-8B4A-11D0-8D11-00A0C91BC942}") = "INSTALL", "INSTALL.vcxproj", "{32B36CA2-2E06-39AC-8580-48440B9A8BF2}"
	ProjectSection(ProjectDependencies) = postProject
		{A66A341D-3285-3CF8-AF58-6A9CC13688F8} = {A66A341D-3285-3CF8-AF58-6A9CC13688F8}
		{DE88B2D7-116D-379D-9D5F-973B495654F3} = {DE88B2D7-116D-379D-9D5F-973B495654F3}
	EndProjectSection
EndProject
Project("{8BC9CEB8-8B4A-11D0-8D11-00A0C91BC942}") = "Nightly", "Nightly.vcxproj", "{CC687BD7-F9EC-3CBC-B5D9-0B79F4D9A5E5}"
	ProjectSection(ProjectDependencies) = postProject
		{DE88B2D7-116D-379D-9D5F-973B495654F3} = {DE88B2D7-116D-379D-9D5F-973B495654F3}
	EndProjectSection
EndProject
Project("{8BC9CEB8-8B4A-11D0-8D11-00A0C91BC942}") = "NightlyMemoryCheck", "NightlyMemoryCheck.vcxproj", "{9E1BC7A0-184F-3E28-AADD-AC16957202E8}"
	ProjectSection(ProjectDependencies) = postProject
		{DE88B2D7-116D-379D-9D5F-973B495654F3} = {DE88B2D7-116D-379D-9D5F-973B495654F3}
	EndProjectSection
EndProject
Project("{8BC9CEB8-8B4A-11D0-8D11-00A0C91BC942}") = "RUN_TESTS", "RUN_TESTS.vcxproj", "{D9572920-CD23-3159-8DF8-C304EABBD36C}"
	ProjectSection(ProjectDependencies) = postProject
		{DE88B2D7-116D-379D-9D5F-973B495654F3} = {DE88B2D7-116D-379D-9D5F-973B495654F3}
	EndProjectSection
EndProject
Project("{8BC9CEB8-8B4A-11D0-8D11-00A0C91BC942}") = "ZERO_CHECK", "ZERO_CHECK.vcxproj", "{DE88B2D7-116D-379D-9D5F-973B495654F3}"
	ProjectSection(ProjectDependencies) = postProject
	EndProjectSection
EndProject
Project("{8BC9CEB8-8B4A-11D0-8D11-00A0C91BC942}") = "jsoncpp_lib", "src\lib_json\jsoncpp_lib.vcxproj", "{3D2FBF3B-C6FF-3A28-BDA3-6D5D2D022C69}"
	ProjectSection(ProjectDependencies) = postProject
		{DE88B2D7-116D-379D-9D5F-973B495654F3} = {DE88B2D7-116D-379D-9D5F-973B495654F3}
	EndProjectSection
EndProject
Project("{8BC9CEB8-8B4A-11D0-8D11-00A0C91BC942}") = "jsoncpp_object", "src\lib_json\jsoncpp_object.vcxproj", "{8C40AB51-7C78-3896-B190-7901DD419294}"
	ProjectSection(ProjectDependencies) = postProject
		{DE88B2D7-116D-379D-9D5F-973B495654F3} = {DE88B2D7-116D-379D-9D5F-973B495654F3}
	EndProjectSection
EndProject
Project("{8BC9CEB8-8B4A-11D0-8D11-00A0C91BC942}") = "jsoncpp_static", "src\lib_json\jsoncpp_static.vcxproj", "{440638B4-6A72-3177-A003-33AA0F40332F}"
	ProjectSection(ProjectDependencies) = postProject
		{DE88B2D7-116D-379D-9D5F-973B495654F3} = {DE88B2D7-116D-379D-9D5F-973B495654F3}
	EndProjectSection
EndProject
Project("{8BC9CEB8-8B4A-11D0-8D11-00A0C91BC942}") = "jsoncpp_test", "src\test_lib_json\jsoncpp_test.vcxproj", "{13360C49-77BE-318F-9788-1797F3D27CEB}"
	ProjectSection(ProjectDependencies) = postProject
		{DE88B2D7-116D-379D-9D5F-973B495654F3} = {DE88B2D7-116D-379D-9D5F-973B495654F3}
		{3D2FBF3B-C6FF-3A28-BDA3-6D5D2D022C69} = {3D2FBF3B-C6FF-3A28-BDA3-6D5D2D022C69}
	EndProjectSection
EndProject
Project("{8BC9CEB8-8B4A-11D0-8D11-00A0C91BC942}") = "jsontestrunner_exe", "src\jsontestrunner\jsontestrunner_exe.vcxproj", "{1B2814AC-AB7D-35BE-ACED-12AD73304F65}"
	ProjectSection(ProjectDependencies) = postProject
		{DE88B2D7-116D-379D-9D5F-973B495654F3} = {DE88B2D7-116D-379D-9D5F-973B495654F3}
		{3D2FBF3B-C6FF-3A28-BDA3-6D5D2D022C69} = {3D2FBF3B-C6FF-3A28-BDA3-6D5D2D022C69}
	EndProjectSection
EndProject
Global
	GlobalSection(SolutionConfigurationPlatforms) = preSolution
		Debug|x64 = Debug|x64
		Release|x64 = Release|x64
		MinSizeRel|x64 = MinSizeRel|x64
		RelWithDebInfo|x64 = RelWithDebInfo|x64
	EndGlobalSection
	GlobalSection(ProjectConfigurationPlatforms) = postSolution
		{A66A341D-3285-3CF8-AF58-6A9CC13688F8}.Debug|x64.ActiveCfg = Debug|x64
		{A66A341D-3285-3CF8-AF58-6A9CC13688F8}.Debug|x64.Build.0 = Debug|x64
		{A66A341D-3285-3CF8-AF58-6A9CC13688F8}.Release|x64.ActiveCfg = Release|x64
		{A66A341D-3285-3CF8-AF58-6A9CC13688F8}.Release|x64.Build.0 = Release|x64
		{A66A341D-3285-3CF8-AF58-6A9CC13688F8}.MinSizeRel|x64.ActiveCfg = MinSizeRel|x64
		{A66A341D-3285-3CF8-AF58-6A9CC13688F8}.MinSizeRel|x64.Build.0 = MinSizeRel|x64
		{A66A341D-3285-3CF8-AF58-6A9CC13688F8}.RelWithDebInfo|x64.ActiveCfg = RelWithDebInfo|x64
		{A66A341D-3285-3CF8-AF58-6A9CC13688F8}.RelWithDebInfo|x64.Build.0 = RelWithDebInfo|x64
		{4F0F266F-78D9-3B6E-ABBE-838E8FD81B70}.Debug|x64.ActiveCfg = Debug|x64
		{4F0F266F-78D9-3B6E-ABBE-838E8FD81B70}.Release|x64.ActiveCfg = Release|x64
		{4F0F266F-78D9-3B6E-ABBE-838E8FD81B70}.MinSizeRel|x64.ActiveCfg = MinSizeRel|x64
		{4F0F266F-78D9-3B6E-ABBE-838E8FD81B70}.RelWithDebInfo|x64.ActiveCfg = RelWithDebInfo|x64
		{9047C967-717E-366C-A469-7C94F047AC5B}.Debug|x64.ActiveCfg = Debug|x64
		{9047C967-717E-366C-A469-7C94F047AC5B}.Release|x64.ActiveCfg = Release|x64
		{9047C967-717E-366C-A469-7C94F047AC5B}.MinSizeRel|x64.ActiveCfg = MinSizeRel|x64
		{9047C967-717E-366C-A469-7C94F047AC5B}.RelWithDebInfo|x64.ActiveCfg = RelWithDebInfo|x64
		{32B36CA2-2E06-39AC-8580-48440B9A8BF2}.Debug|x64.ActiveCfg = Debug|x64
		{32B36CA2-2E06-39AC-8580-48440B9A8BF2}.Release|x64.ActiveCfg = Release|x64
		{32B36CA2-2E06-39AC-8580-48440B9A8BF2}.MinSizeRel|x64.ActiveCfg = MinSizeRel|x64
		{32B36CA2-2E06-39AC-8580-48440B9A8BF2}.RelWithDebInfo|x64.ActiveCfg = RelWithDebInfo|x64
		{CC687BD7-F9EC-3CBC-B5D9-0B79F4D9A5E5}.Debug|x64.ActiveCfg = Debug|x64
		{CC687BD7-F9EC-3CBC-B5D9-0B79F4D9A5E5}.Release|x64.ActiveCfg = Release|x64
		{CC687BD7-F9EC-3CBC-B5D9-0B79F4D9A5E5}.MinSizeRel|x64.ActiveCfg = MinSizeRel|x64
		{CC687BD7-F9EC-3CBC-B5D9-0B79F4D9A5E5}.RelWithDebInfo|x64.ActiveCfg = RelWithDebInfo|x64
		{9E1BC7A0-184F-3E28-AADD-AC16957202E8}.Debug|x64.ActiveCfg = Debug|x64
		{9E1BC7A0-184F-3E28-AADD-AC16957202E8}.Release|x64.ActiveCfg = Release|x64
		{9E1BC7A0-184F-3E28-AADD-AC16957202E8}.MinSizeRel|x64.ActiveCfg = MinSizeRel|x64
		{9E1BC7A0-184F-3E28-AADD-AC16957202E8}.RelWithDebInfo|x64.ActiveCfg = RelWithDebInfo|x64
		{D9572920-CD23-3159-8DF8-C304EABBD36C}.Debug|x64.ActiveCfg = Debug|x64
		{D9572920-CD23-3159-8DF8-C304EABBD36C}.Release|x64.ActiveCfg = Release|x64
		{D9572920-CD23-3159-8DF8-C304EABBD36C}.MinSizeRel|x64.ActiveCfg = MinSizeRel|x64
		{D9572920-CD23-3159-8DF8-C304EABBD36C}.RelWithDebInfo|x64.ActiveCfg = RelWithDebInfo|x64
		{DE88B2D7-116D-379D-9D5F-973B495654F3}.Debug|x64.ActiveCfg = Debug|x64
		{DE88B2D7-116D-379D-9D5F-973B495654F3}.Debug|x64.Build.0 = Debug|x64
		{DE88B2D7-116D-379D-9D5F-973B495654F3}.Release|x64.ActiveCfg = Release|x64
		{DE88B2D7-116D-379D-9D5F-973B495654F3}.Release|x64.Build.0 = Release|x64
		{DE88B2D7-116D-379D-9D5F-973B495654F3}.MinSizeRel|x64.ActiveCfg = MinSizeRel|x64
		{DE88B2D7-116D-379D-9D5F-973B495654F3}.MinSizeRel|x64.Build.0 = MinSizeRel|x64
		{DE88B2D7-116D-379D-9D5F-973B495654F3}.RelWithDebInfo|x64.ActiveCfg = RelWithDebInfo|x64
		{DE88B2D7-116D-379D-9D5F-973B495654F3}.RelWithDebInfo|x64.Build.0 = RelWithDebInfo|x64
		{3D2FBF3B-C6FF-3A28-BDA3-6D5D2D022C69}.Debug|x64.ActiveCfg = Debug|x64
		{3D2FBF3B-C6FF-3A28-BDA3-6D5D2D022C69}.Debug|x64.Build.0 = Debug|x64
		{3D2FBF3B-C6FF-3A28-BDA3-6D5D2D022C69}.Release|x64.ActiveCfg = Release|x64
		{3D2FBF3B-C6FF-3A28-BDA3-6D5D2D022C69}.Release|x64.Build.0 = Release|x64
		{3D2FBF3B-C6FF-3A28-BDA3-6D5D2D022C69}.MinSizeRel|x64.ActiveCfg = MinSizeRel|x64
		{3D2FBF3B-C6FF-3A28-BDA3-6D5D2D022C69}.MinSizeRel|x64.Build.0 = MinSizeRel|x64
		{3D2FBF3B-C6FF-3A28-BDA3-6D5D2D022C69}.RelWithDebInfo|x64.ActiveCfg = RelWithDebInfo|x64
		{3D2FBF3B-C6FF-3A28-BDA3-6D5D2D022C69}.RelWithDebInfo|x64.Build.0 = RelWithDebInfo|x64
		{8C40AB51-7C78-3896-B190-7901DD419294}.Debug|x64.ActiveCfg = Debug|x64
		{8C40AB51-7C78-3896-B190-7901DD419294}.Debug|x64.Build.0 = Debug|x64
		{8C40AB51-7C78-3896-B190-7901DD419294}.Release|x64.ActiveCfg = Release|x64
		{8C40AB51-7C78-3896-B190-7901DD419294}.Release|x64.Build.0 = Release|x64
		{8C40AB51-7C78-3896-B190-7901DD419294}.MinSizeRel|x64.ActiveCfg = MinSizeRel|x64
		{8C40AB51-7C78-3896-B190-7901DD419294}.MinSizeRel|x64.Build.0 = MinSizeRel|x64
		{8C40AB51-7C78-3896-B190-7901DD419294}.RelWithDebInfo|x64.ActiveCfg = RelWithDebInfo|x64
		{8C40AB51-7C78-3896-B190-7901DD419294}.RelWithDebInfo|x64.Build.0 = RelWithDebInfo|x64
		{440638B4-6A72-3177-A003-33AA0F40332F}.Debug|x64.ActiveCfg = Debug|x64
		{440638B4-6A72-3177-A003-33AA0F40332F}.Debug|x64.Build.0 = Debug|x64
		{440638B4-6A72-3177-A003-33AA0F40332F}.Release|x64.ActiveCfg = Release|x64
		{440638B4-6A72-3177-A003-33AA0F40332F}.Release|x64.Build.0 = Release|x64
		{440638B4-6A72-3177-A003-33AA0F40332F}.MinSizeRel|x64.ActiveCfg = MinSizeRel|x64
		{440638B4-6A72-3177-A003-33AA0F40332F}.MinSizeRel|x64.Build.0 = MinSizeRel|x64
		{440638B4-6A72-3177-A003-33AA0F40332F}.RelWithDebInfo|x64.ActiveCfg = RelWithDebInfo|x64
		{440638B4-6A72-3177-A003-33AA0F40332F}.RelWithDebInfo|x64.Build.0 = RelWithDebInfo|x64
		{13360C49-77BE-318F-9788-1797F3D27CEB}.Debug|x64.ActiveCfg = Debug|x64
		{13360C49-77BE-318F-9788-1797F3D27CEB}.Debug|x64.Build.0 = Debug|x64
		{13360C49-77BE-318F-9788-1797F3D27CEB}.Release|x64.ActiveCfg = Release|x64
		{13360C49-77BE-318F-9788-1797F3D27CEB}.Release|x64.Build.0 = Release|x64
		{13360C49-77BE-318F-9788-1797F3D27CEB}.MinSizeRel|x64.ActiveCfg = MinSizeRel|x64
		{13360C49-77BE-318F-9788-1797F3D27CEB}.MinSizeRel|x64.Build.0 = MinSizeRel|x64
		{13360C49-77BE-318F-9788-1797F3D27CEB}.RelWithDebInfo|x64.ActiveCfg = RelWithDebInfo|x64
		{13360C49-77BE-318F-9788-1797F3D27CEB}.RelWithDebInfo|x64.Build.0 = RelWithDebInfo|x64
		{1B2814AC-AB7D-35BE-ACED-12AD73304F65}.Debug|x64.ActiveCfg = Debug|x64
		{1B2814AC-AB7D-35BE-ACED-12AD73304F65}.Debug|x64.Build.0 = Debug|x64
		{1B2814AC-AB7D-35BE-ACED-12AD73304F65}.Release|x64.ActiveCfg = Release|x64
		{1B2814AC-AB7D-35BE-ACED-12AD73304F65}.Release|x64.Build.0 = Release|x64
		{1B2814AC-AB7D-35BE-ACED-12AD73304F65}.MinSizeRel|x64.ActiveCfg = MinSizeRel|x64
		{1B2814AC-AB7D-35BE-ACED-12AD73304F65}.MinSizeRel|x64.Build.0 = MinSizeRel|x64
		{1B2814AC-AB7D-35BE-ACED-12AD73304F65}.RelWithDebInfo|x64.ActiveCfg = RelWithDebInfo|x64
		{1B2814AC-AB7D-35BE-ACED-12AD73304F65}.RelWithDebInfo|x64.Build.0 = RelWithDebInfo|x64
	EndGlobalSection
	GlobalSection(ExtensibilityGlobals) = postSolution
		SolutionGuid = {BDAA8A2B-5E77-39E2-AE65-72F20C4D652B}
	EndGlobalSection
	GlobalSection(ExtensibilityAddIns) = postSolution
	EndGlobalSection
EndGlobal
