<?xml version="1.0" encoding="utf-8"?>
<Project ToolsVersion="17.0" xmlns="http://schemas.microsoft.com/developer/msbuild/2003">
  <ItemGroup>
    <ClCompile Include="E:\0. WorkSpace\Third-Party\jsoncpp\source\jsoncpp\src\jsontestrunner\main.cpp">
      <Filter>Source Files</Filter>
    </ClCompile>
  </ItemGroup>
  <ItemGroup>
    <CustomBuild Include="E:\0. WorkSpace\Third-Party\jsoncpp\source\jsoncpp\src\jsontestrunner\CMakeLists.txt" />
  </ItemGroup>
  <ItemGroup>
    <Filter Include="Source Files">
      <UniqueIdentifier>{44ABE67F-C3DF-3BD8-BB70-6EAD971679B9}</UniqueIdentifier>
    </Filter>
  </ItemGroup>
</Project>
