<?xml version="1.0" encoding="utf-8"?>
<Project ToolsVersion="17.0" xmlns="http://schemas.microsoft.com/developer/msbuild/2003">
  <ItemGroup>
    <CustomBuild Include="E:\0. WorkSpace\Third-Party\jsoncpp\source\jsoncppBuild\CMakeFiles\255fb07a18698d5f86efe8877eb8e0e1\RUN_TESTS_force.rule">
      <Filter>CMake Rules</Filter>
    </CustomBuild>
  </ItemGroup>
  <ItemGroup>
    <Filter Include="CMake Rules">
      <UniqueIdentifier>{9D802425-8E8D-3838-95F6-1051D2EB8596}</UniqueIdentifier>
    </Filter>
  </ItemGroup>
</Project>
